
Microsoft Visual Studio Solution File, Format Version 12.00
# Visual Studio Version 17
VisualStudioVersion = 17.9.34714.143
MinimumVisualStudioVersion = 10.0.40219.1
Project("{FAE04EC0-301F-11D3-BF4B-00C04F79EFBC}") = "EmployeeDirectoryWebApi", "EmployeeDirectoryWebApi\EmployeeDirectoryWebApi.csproj", "{C9609DEB-6473-4F79-8276-B616A8E5315E}"
EndProject
Project("{FAE04EC0-301F-11D3-BF4B-00C04F79EFBC}") = "EmployeeDirectoryWebApi.Controller", "Contoller\EmployeeDirectoryWebApi.Controller.csproj", "{362B91AB-8056-4180-BB8B-D54447DE7785}"
EndProject
Project("{FAE04EC0-301F-11D3-BF4B-00C04F79EFBC}") = "EmployeeDirectoryWebApi.Models", "EmployeeDirectoryWebApi.Models\EmployeeDirectoryWebApi.Models.csproj", "{E6F332D2-FE82-4FF9-A57A-7AEE1AACEF5B}"
EndProject
Project("{FAE04EC0-301F-11D3-BF4B-00C04F79EFBC}") = "EmployeeDirectoryWebApi.Services", "EmployeeDirectoryWebApi.Services\EmployeeDirectoryWebApi.Services.csproj", "{9146EFF2-F54C-432B-8D07-C74E385C56FF}"
EndProject
Project("{FAE04EC0-301F-11D3-BF4B-00C04F79EFBC}") = "EmployeeDirectoryWebApi.Data", "EmployeeDirectoryWebApi.Data\EmployeeDirectoryWebApi.Data.csproj", "{F71BE58A-400F-4BCB-A830-D2DBE60A638E}"
EndProject
Global
	GlobalSection(SolutionConfigurationPlatforms) = preSolution
		Debug|Any CPU = Debug|Any CPU
		Release|Any CPU = Release|Any CPU
	EndGlobalSection
	GlobalSection(ProjectConfigurationPlatforms) = postSolution
		{C9609DEB-6473-4F79-8276-B616A8E5315E}.Debug|Any CPU.ActiveCfg = Debug|Any CPU
		{C9609DEB-6473-4F79-8276-B616A8E5315E}.Debug|Any CPU.Build.0 = Debug|Any CPU
		{C9609DEB-6473-4F79-8276-B616A8E5315E}.Release|Any CPU.ActiveCfg = Release|Any CPU
		{C9609DEB-6473-4F79-8276-B616A8E5315E}.Release|Any CPU.Build.0 = Release|Any CPU
		{362B91AB-8056-4180-BB8B-D54447DE7785}.Debug|Any CPU.ActiveCfg = Debug|Any CPU
		{362B91AB-8056-4180-BB8B-D54447DE7785}.Debug|Any CPU.Build.0 = Debug|Any CPU
		{362B91AB-8056-4180-BB8B-D54447DE7785}.Release|Any CPU.ActiveCfg = Release|Any CPU
		{362B91AB-8056-4180-BB8B-D54447DE7785}.Release|Any CPU.Build.0 = Release|Any CPU
		{E6F332D2-FE82-4FF9-A57A-7AEE1AACEF5B}.Debug|Any CPU.ActiveCfg = Debug|Any CPU
		{E6F332D2-FE82-4FF9-A57A-7AEE1AACEF5B}.Debug|Any CPU.Build.0 = Debug|Any CPU
		{E6F332D2-FE82-4FF9-A57A-7AEE1AACEF5B}.Release|Any CPU.ActiveCfg = Release|Any CPU
		{E6F332D2-FE82-4FF9-A57A-7AEE1AACEF5B}.Release|Any CPU.Build.0 = Release|Any CPU
		{9146EFF2-F54C-432B-8D07-C74E385C56FF}.Debug|Any CPU.ActiveCfg = Debug|Any CPU
		{9146EFF2-F54C-432B-8D07-C74E385C56FF}.Debug|Any CPU.Build.0 = Debug|Any CPU
		{9146EFF2-F54C-432B-8D07-C74E385C56FF}.Release|Any CPU.ActiveCfg = Release|Any CPU
		{9146EFF2-F54C-432B-8D07-C74E385C56FF}.Release|Any CPU.Build.0 = Release|Any CPU
		{F71BE58A-400F-4BCB-A830-D2DBE60A638E}.Debug|Any CPU.ActiveCfg = Debug|Any CPU
		{F71BE58A-400F-4BCB-A830-D2DBE60A638E}.Debug|Any CPU.Build.0 = Debug|Any CPU
		{F71BE58A-400F-4BCB-A830-D2DBE60A638E}.Release|Any CPU.ActiveCfg = Release|Any CPU
		{F71BE58A-400F-4BCB-A830-D2DBE60A638E}.Release|Any CPU.Build.0 = Release|Any CPU
	EndGlobalSection
	GlobalSection(SolutionProperties) = preSolution
		HideSolutionNode = FALSE
	EndGlobalSection
	GlobalSection(ExtensibilityGlobals) = postSolution
		SolutionGuid = {3AEB9AF9-F5E7-47BA-89D2-D31D0B86AA73}
	EndGlobalSection
EndGlobal
